
Microsoft Visual Studio Solution File, Format Version 11.00
# Visual Studio 2010
Project("{FAE04EC0-301F-11D3-BF4B-00C04F79EFBC}") = "Dev", "Assembly-CSharp-firstpass.csproj", "{EA2092F4-959D-364E-D0F9-9EF3A3596AD1}"
EndProject
Project("{FAE04EC0-301F-11D3-BF4B-00C04F79EFBC}") = "Dev", "Assembly-CSharp.csproj", "{02899009-66EC-B87C-FEC0-200EBCB1FC15}"
EndProject
Project("{FAE04EC0-301F-11D3-BF4B-00C04F79EFBC}") = "Dev", "Assembly-CSharp-Editor.csproj", "{966525EF-89D1-F5F8-B2FB-714E31E7D7FB}"
EndProject
Project("{FAE04EC0-301F-11D3-BF4B-00C04F79EFBC}") = "Dev", "Assembly-CSharp-Editor-firstpass.csproj", "{8A23D970-2CA2-C3DF-A109-E8A4500362F2}"
EndProject
Global
	GlobalSection(SolutionConfigurationPlatforms) = preSolution
		Debug|Any CPU = Debug|Any CPU
		Release|Any CPU = Release|Any CPU
	EndGlobalSection
	GlobalSection(ProjectConfigurationPlatforms) = postSolution
		{EA2092F4-959D-364E-D0F9-9EF3A3596AD1}.Debug|Any CPU.ActiveCfg = Debug|Any CPU
		{EA2092F4-959D-364E-D0F9-9EF3A3596AD1}.Debug|Any CPU.Build.0 = Debug|Any CPU
		{EA2092F4-959D-364E-D0F9-9EF3A3596AD1}.Release|Any CPU.ActiveCfg = Release|Any CPU
		{EA2092F4-959D-364E-D0F9-9EF3A3596AD1}.Release|Any CPU.Build.0 = Release|Any CPU
		{02899009-66EC-B87C-FEC0-200EBCB1FC15}.Debug|Any CPU.ActiveCfg = Debug|Any CPU
		{02899009-66EC-B87C-FEC0-200EBCB1FC15}.Debug|Any CPU.Build.0 = Debug|Any CPU
		{02899009-66EC-B87C-FEC0-200EBCB1FC15}.Release|Any CPU.ActiveCfg = Release|Any CPU
		{02899009-66EC-B87C-FEC0-200EBCB1FC15}.Release|Any CPU.Build.0 = Release|Any CPU
		{966525EF-89D1-F5F8-B2FB-714E31E7D7FB}.Debug|Any CPU.ActiveCfg = Debug|Any CPU
		{966525EF-89D1-F5F8-B2FB-714E31E7D7FB}.Debug|Any CPU.Build.0 = Debug|Any CPU
		{966525EF-89D1-F5F8-B2FB-714E31E7D7FB}.Release|Any CPU.ActiveCfg = Release|Any CPU
		{966525EF-89D1-F5F8-B2FB-714E31E7D7FB}.Release|Any CPU.Build.0 = Release|Any CPU
		{8A23D970-2CA2-C3DF-A109-E8A4500362F2}.Debug|Any CPU.ActiveCfg = Debug|Any CPU
		{8A23D970-2CA2-C3DF-A109-E8A4500362F2}.Debug|Any CPU.Build.0 = Debug|Any CPU
		{8A23D970-2CA2-C3DF-A109-E8A4500362F2}.Release|Any CPU.ActiveCfg = Release|Any CPU
		{8A23D970-2CA2-C3DF-A109-E8A4500362F2}.Release|Any CPU.Build.0 = Release|Any CPU
	EndGlobalSection
	GlobalSection(SolutionProperties) = preSolution
		HideSolutionNode = FALSE
	EndGlobalSection
	GlobalSection(MonoDevelopProperties) = preSolution
		StartupItem = Assembly-CSharp.csproj
	EndGlobalSection
EndGlobal
