
Microsoft Visual Studio Solution File, Format Version 11.00
# Visual Studio 2010
Project("{FAE04EC0-301F-11D3-BF4B-00C04F79EFBC}") = "FBLA DEV", "Assembly-CSharp-firstpass.csproj", "{6A236FEB-3A02-55DD-E340-E86AB3B5C4B0}"
EndProject
Project("{FAE04EC0-301F-11D3-BF4B-00C04F79EFBC}") = "FBLA DEV", "Assembly-CSharp.csproj", "{06E26572-95C5-3A8D-C610-F0B6E0952D52}"
EndProject
Project("{FAE04EC0-301F-11D3-BF4B-00C04F79EFBC}") = "FBLA DEV", "Assembly-CSharp-Editor-firstpass.csproj", "{A60A171B-5A3D-1AE8-D9C7-9BA296421A05}"
EndProject
Project("{FAE04EC0-301F-11D3-BF4B-00C04F79EFBC}") = "FBLA DEV", "Assembly-CSharp-Editor.csproj", "{C10D8029-17A1-6998-CF2C-E6E0F8295CB4}"
EndProject
Global
	GlobalSection(SolutionConfigurationPlatforms) = preSolution
		Debug|Any CPU = Debug|Any CPU
		Release|Any CPU = Release|Any CPU
	EndGlobalSection
	GlobalSection(ProjectConfigurationPlatforms) = postSolution
		{6A236FEB-3A02-55DD-E340-E86AB3B5C4B0}.Debug|Any CPU.ActiveCfg = Debug|Any CPU
		{6A236FEB-3A02-55DD-E340-E86AB3B5C4B0}.Debug|Any CPU.Build.0 = Debug|Any CPU
		{6A236FEB-3A02-55DD-E340-E86AB3B5C4B0}.Release|Any CPU.ActiveCfg = Release|Any CPU
		{6A236FEB-3A02-55DD-E340-E86AB3B5C4B0}.Release|Any CPU.Build.0 = Release|Any CPU
		{06E26572-95C5-3A8D-C610-F0B6E0952D52}.Debug|Any CPU.ActiveCfg = Debug|Any CPU
		{06E26572-95C5-3A8D-C610-F0B6E0952D52}.Debug|Any CPU.Build.0 = Debug|Any CPU
		{06E26572-95C5-3A8D-C610-F0B6E0952D52}.Release|Any CPU.ActiveCfg = Release|Any CPU
		{06E26572-95C5-3A8D-C610-F0B6E0952D52}.Release|Any CPU.Build.0 = Release|Any CPU
		{A60A171B-5A3D-1AE8-D9C7-9BA296421A05}.Debug|Any CPU.ActiveCfg = Debug|Any CPU
		{A60A171B-5A3D-1AE8-D9C7-9BA296421A05}.Debug|Any CPU.Build.0 = Debug|Any CPU
		{A60A171B-5A3D-1AE8-D9C7-9BA296421A05}.Release|Any CPU.ActiveCfg = Release|Any CPU
		{A60A171B-5A3D-1AE8-D9C7-9BA296421A05}.Release|Any CPU.Build.0 = Release|Any CPU
		{C10D8029-17A1-6998-CF2C-E6E0F8295CB4}.Debug|Any CPU.ActiveCfg = Debug|Any CPU
		{C10D8029-17A1-6998-CF2C-E6E0F8295CB4}.Debug|Any CPU.Build.0 = Debug|Any CPU
		{C10D8029-17A1-6998-CF2C-E6E0F8295CB4}.Release|Any CPU.ActiveCfg = Release|Any CPU
		{C10D8029-17A1-6998-CF2C-E6E0F8295CB4}.Release|Any CPU.Build.0 = Release|Any CPU
	EndGlobalSection
	GlobalSection(SolutionProperties) = preSolution
		HideSolutionNode = FALSE
	EndGlobalSection
	GlobalSection(MonoDevelopProperties) = preSolution
		StartupItem = Assembly-CSharp.csproj
	EndGlobalSection
EndGlobal
